// !$*UTF8*$!
{
	archiveVersion = 1;
	classes = {
	};
	objectVersion = 77;
	objects = {

/* Begin PBXContainerItemProxy section */
		0ED1753F2CCC528600A54282 /* PBXContainerItemProxy */ = {
			isa = PBXContainerItemProxy;
			containerPortal = 0ED175202CCC528400A54282 /* Project object */;
			proxyType = 1;
			remoteGlobalIDString = 0ED175272CCC528400A54282;
			remoteInfo = "5 задание";
		};
		0ED175492CCC528600A54282 /* PBXContainerItemProxy */ = {
			isa = PBXContainerItemProxy;
			containerPortal = 0ED175202CCC528400A54282 /* Project object */;
			proxyType = 1;
			remoteGlobalIDString = 0ED175272CCC528400A54282;
			remoteInfo = "5 задание";
		};
/* End PBXContainerItemProxy section */

/* Begin PBXFileReference section */
		0ED175282CCC528400A54282 /* 5 задание.app */ = {isa = PBXFileReference; explicitFileType = wrapper.application; includeInIndex = 0; path = "5 задание.app"; sourceTree = BUILT_PRODUCTS_DIR; };
		0ED1753E2CCC528600A54282 /* 5 заданиеTests.xctest */ = {isa = PBXFileReference; explicitFileType = wrapper.cfbundle; includeInIndex = 0; path = "5 заданиеTests.xctest"; sourceTree = BUILT_PRODUCTS_DIR; };
		0ED175482CCC528600A54282 /* 5 заданиеUITests.xctest */ = {isa = PBXFileReference; explicitFileType = wrapper.cfbundle; includeInIndex = 0; path = "5 заданиеUITests.xctest"; sourceTree = BUILT_PRODUCTS_DIR; };
/* End PBXFileReference section */

/* Begin PBXFileSystemSynchronizedBuildFileExceptionSet section */
		0ED175502CCC528600A54282 /* Exceptions for "5 задание" folder in "5 задание" target */ = {
			isa = PBXFileSystemSynchronizedBuildFileExceptionSet;
			membershipExceptions = (
				Info.plist,
			);
			target = 0ED175272CCC528400A54282 /* 5 задание */;
		};
/* End PBXFileSystemSynchronizedBuildFileExceptionSet section */

/* Begin PBXFileSystemSynchronizedRootGroup section */
		0ED1752A2CCC528400A54282 /* 5 задание */ = {
			isa = PBXFileSystemSynchronizedRootGroup;
			exceptions = (
				0ED175502CCC528600A54282 /* Exceptions for "5 задание" folder in "5 задание" target */,
			);
			path = "5 задание";
			sourceTree = "<group>";
		};
		0ED175412CCC528600A54282 /* 5 заданиеTests */ = {
			isa = PBXFileSystemSynchronizedRootGroup;
			path = "5 заданиеTests";
			sourceTree = "<group>";
		};
		0ED1754B2CCC528600A54282 /* 5 заданиеUITests */ = {
			isa = PBXFileSystemSynchronizedRootGroup;
			path = "5 заданиеUITests";
			sourceTree = "<group>";
		};
/* End PBXFileSystemSynchronizedRootGroup section */

/* Begin PBXFrameworksBuildPhase section */
		0ED175252CCC528400A54282 /* Frameworks */ = {
			isa = PBXFrameworksBuildPhase;
			buildActionMask = 2147483647;
			files = (
			);
			runOnlyForDeploymentPostprocessing = 0;
		};
		0ED1753B2CCC528600A54282 /* Frameworks */ = {
			isa = PBXFrameworksBuildPhase;
			buildActionMask = 2147483647;
			files = (
			);
			runOnlyForDeploymentPostprocessing = 0;
		};
		0ED175452CCC528600A54282 /* Frameworks */ = {
			isa = PBXFrameworksBuildPhase;
			buildActionMask = 2147483647;
			files = (
			);
			runOnlyForDeploymentPostprocessing = 0;
		};
/* End PBXFrameworksBuildPhase section */

/* Begin PBXGroup section */
		0ED1751F2CCC528400A54282 = {
			isa = PBXGroup;
			children = (
				0ED1752A2CCC528400A54282 /* 5 задание */,
				0ED175412CCC528600A54282 /* 5 заданиеTests */,
				0ED1754B2CCC528600A54282 /* 5 заданиеUITests */,
				0ED175292CCC528400A54282 /* Products */,
			);
			sourceTree = "<group>";
		};
		0ED175292CCC528400A54282 /* Products */ = {
			isa = PBXGroup;
			children = (
				0ED175282CCC528400A54282 /* 5 задание.app */,
				0ED1753E2CCC528600A54282 /* 5 заданиеTests.xctest */,
				0ED175482CCC528600A54282 /* 5 заданиеUITests.xctest */,
			);
			name = Products;
			sourceTree = "<group>";
		};
/* End PBXGroup section */

/* Begin PBXNativeTarget section */
		0ED175272CCC528400A54282 /* 5 задание */ = {
			isa = PBXNativeTarget;
			buildConfigurationList = 0ED175512CCC528600A54282 /* Build configuration list for PBXNativeTarget "5 задание" */;
			buildPhases = (
				0ED175242CCC528400A54282 /* Sources */,
				0ED175252CCC528400A54282 /* Frameworks */,
				0ED175262CCC528400A54282 /* Resources */,
			);
			buildRules = (
			);
			dependencies = (
			);
			fileSystemSynchronizedGroups = (
				0ED1752A2CCC528400A54282 /* 5 задание */,
			);
			name = "5 задание";
			packageProductDependencies = (
			);
			productName = "5 задание";
			productReference = 0ED175282CCC528400A54282 /* 5 задание.app */;
			productType = "com.apple.product-type.application";
		};
		0ED1753D2CCC528600A54282 /* 5 заданиеTests */ = {
			isa = PBXNativeTarget;
			buildConfigurationList = 0ED175562CCC528600A54282 /* Build configuration list for PBXNativeTarget "5 заданиеTests" */;
			buildPhases = (
				0ED1753A2CCC528600A54282 /* Sources */,
				0ED1753B2CCC528600A54282 /* Frameworks */,
				0ED1753C2CCC528600A54282 /* Resources */,
			);
			buildRules = (
			);
			dependencies = (
				0ED175402CCC528600A54282 /* PBXTargetDependency */,
			);
			fileSystemSynchronizedGroups = (
				0ED175412CCC528600A54282 /* 5 заданиеTests */,
			);
			name = "5 заданиеTests";
			packageProductDependencies = (
			);
			productName = "5 заданиеTests";
			productReference = 0ED1753E2CCC528600A54282 /* 5 заданиеTests.xctest */;
			productType = "com.apple.product-type.bundle.unit-test";
		};
		0ED175472CCC528600A54282 /* 5 заданиеUITests */ = {
			isa = PBXNativeTarget;
			buildConfigurationList = 0ED175592CCC528600A54282 /* Build configuration list for PBXNativeTarget "5 заданиеUITests" */;
			buildPhases = (
				0ED175442CCC528600A54282 /* Sources */,
				0ED175452CCC528600A54282 /* Frameworks */,
				0ED175462CCC528600A54282 /* Resources */,
			);
			buildRules = (
			);
			dependencies = (
				0ED1754A2CCC528600A54282 /* PBXTargetDependency */,
			);
			fileSystemSynchronizedGroups = (
				0ED1754B2CCC528600A54282 /* 5 заданиеUITests */,
			);
			name = "5 заданиеUITests";
			packageProductDependencies = (
			);
			productName = "5 заданиеUITests";
			productReference = 0ED175482CCC528600A54282 /* 5 заданиеUITests.xctest */;
			productType = "com.apple.product-type.bundle.ui-testing";
		};
/* End PBXNativeTarget section */

/* Begin PBXProject section */
		0ED175202CCC528400A54282 /* Project object */ = {
			isa = PBXProject;
			attributes = {
				BuildIndependentTargetsInParallel = 1;
				LastSwiftUpdateCheck = 1600;
				LastUpgradeCheck = 1600;
				TargetAttributes = {
					0ED175272CCC528400A54282 = {
						CreatedOnToolsVersion = 16.0;
					};
					0ED1753D2CCC528600A54282 = {
						CreatedOnToolsVersion = 16.0;
						TestTargetID = 0ED175272CCC528400A54282;
					};
					0ED175472CCC528600A54282 = {
						CreatedOnToolsVersion = 16.0;
						TestTargetID = 0ED175272CCC528400A54282;
					};
				};
			};
			buildConfigurationList = 0ED175232CCC528400A54282 /* Build configuration list for PBXProject "5 задание" */;
			developmentRegion = en;
			hasScannedForEncodings = 0;
			knownRegions = (
				en,
				Base,
			);
			mainGroup = 0ED1751F2CCC528400A54282;
			minimizedProjectReferenceProxies = 1;
			preferredProjectObjectVersion = 77;
			productRefGroup = 0ED175292CCC528400A54282 /* Products */;
			projectDirPath = "";
			projectRoot = "";
			targets = (
				0ED175272CCC528400A54282 /* 5 задание */,
				0ED1753D2CCC528600A54282 /* 5 заданиеTests */,
				0ED175472CCC528600A54282 /* 5 заданиеUITests */,
			);
		};
/* End PBXProject section */

/* Begin PBXResourcesBuildPhase section */
		0ED175262CCC528400A54282 /* Resources */ = {
			isa = PBXResourcesBuildPhase;
			buildActionMask = 2147483647;
			files = (
			);
			runOnlyForDeploymentPostprocessing = 0;
		};
		0ED1753C2CCC528600A54282 /* Resources */ = {
			isa = PBXResourcesBuildPhase;
			buildActionMask = 2147483647;
			files = (
			);
			runOnlyForDeploymentPostprocessing = 0;
		};
		0ED175462CCC528600A54282 /* Resources */ = {
			isa = PBXResourcesBuildPhase;
			buildActionMask = 2147483647;
			files = (
			);
			runOnlyForDeploymentPostprocessing = 0;
		};
/* End PBXResourcesBuildPhase section */

/* Begin PBXSourcesBuildPhase section */
		0ED175242CCC528400A54282 /* Sources */ = {
			isa = PBXSourcesBuildPhase;
			buildActionMask = 2147483647;
			files = (
			);
			runOnlyForDeploymentPostprocessing = 0;
		};
		0ED1753A2CCC528600A54282 /* Sources */ = {
			isa = PBXSourcesBuildPhase;
			buildActionMask = 2147483647;
			files = (
			);
			runOnlyForDeploymentPostprocessing = 0;
		};
		0ED175442CCC528600A54282 /* Sources */ = {
			isa = PBXSourcesBuildPhase;
			buildActionMask = 2147483647;
			files = (
			);
			runOnlyForDeploymentPostprocessing = 0;
		};
/* End PBXSourcesBuildPhase section */

/* Begin PBXTargetDependency section */
		0ED175402CCC528600A54282 /* PBXTargetDependency */ = {
			isa = PBXTargetDependency;
			target = 0ED175272CCC528400A54282 /* 5 задание */;
			targetProxy = 0ED1753F2CCC528600A54282 /* PBXContainerItemProxy */;
		};
		0ED1754A2CCC528600A54282 /* PBXTargetDependency */ = {
			isa = PBXTargetDependency;
			target = 0ED175272CCC528400A54282 /* 5 задание */;
			targetProxy = 0ED175492CCC528600A54282 /* PBXContainerItemProxy */;
		};
/* End PBXTargetDependency section */

/* Begin XCBuildConfiguration section */
		0ED175522CCC528600A54282 /* Debug */ = {
			isa = XCBuildConfiguration;
			buildSettings = {
				ASSETCATALOG_COMPILER_APPICON_NAME = AppIcon;
				ASSETCATALOG_COMPILER_GLOBAL_ACCENT_COLOR_NAME = AccentColor;
				CODE_SIGN_STYLE = Automatic;
				CURRENT_PROJECT_VERSION = 1;
				DEVELOPMENT_TEAM = ZCKDQ2HHPD;
				GENERATE_INFOPLIST_FILE = YES;
				INFOPLIST_FILE = "5 задание/Info.plist";
				INFOPLIST_KEY_UIApplicationSupportsIndirectInputEvents = YES;
				INFOPLIST_KEY_UILaunchStoryboardName = LaunchScreen;
				INFOPLIST_KEY_UIMainStoryboardFile = Main;
				INFOPLIST_KEY_UISupportedInterfaceOrientations_iPad = "UIInterfaceOrientationPortrait UIInterfaceOrientationPortraitUpsideDown UIInterfaceOrientationLandscapeLeft UIInterfaceOrientationLandscapeRight";
				INFOPLIST_KEY_UISupportedInterfaceOrientations_iPhone = "UIInterfaceOrientationPortrait UIInterfaceOrientationLandscapeLeft UIInterfaceOrientationLandscapeRight";
				LD_RUNPATH_SEARCH_PATHS = (
					"$(inherited)",
					"@executable_path/Frameworks",
				);
				MARKETING_VERSION = 1.0;
				PRODUCT_BUNDLE_IDENTIFIER = "-234567.---------";
				PRODUCT_NAME = "$(TARGET_NAME)";
				SWIFT_EMIT_LOC_STRINGS = YES;
				SWIFT_VERSION = 5.0;
				TARGETED_DEVICE_FAMILY = "1,2";
			};
			name = Debug;
		};
		0ED175532CCC528600A54282 /* Release */ = {
			isa = XCBuildConfiguration;
			buildSettings = {
				ASSETCATALOG_COMPILER_APPICON_NAME = AppIcon;
				ASSETCATALOG_COMPILER_GLOBAL_ACCENT_COLOR_NAME = AccentColor;
				CODE_SIGN_STYLE = Automatic;
				CURRENT_PROJECT_VERSION = 1;
				DEVELOPMENT_TEAM = ZCKDQ2HHPD;
				GENERATE_INFOPLIST_FILE = YES;
				INFOPLIST_FILE = "5 задание/Info.plist";
				INFOPLIST_KEY_UIApplicationSupportsIndirectInputEvents = YES;
				INFOPLIST_KEY_UILaunchStoryboardName = LaunchScreen;
				INFOPLIST_KEY_UIMainStoryboardFile = Main;
				INFOPLIST_KEY_UISupportedInterfaceOrientations_iPad = "UIInterfaceOrientationPortrait UIInterfaceOrientationPortraitUpsideDown UIInterfaceOrientationLandscapeLeft UIInterfaceOrientationLandscapeRight";
				INFOPLIST_KEY_UISupportedInterfaceOrientations_iPhone = "UIInterfaceOrientationPortrait UIInterfaceOrientationLandscapeLeft UIInterfaceOrientationLandscapeRight";
				LD_RUNPATH_SEARCH_PATHS = (
					"$(inherited)",
					"@executable_path/Frameworks",
				);
				MARKETING_VERSION = 1.0;
				PRODUCT_BUNDLE_IDENTIFIER = "-234567.---------";
				PRODUCT_NAME = "$(TARGET_NAME)";
				SWIFT_EMIT_LOC_STRINGS = YES;
				SWIFT_VERSION = 5.0;
				TARGETED_DEVICE_FAMILY = "1,2";
			};
			name = Release;
		};
		0ED175542CCC528600A54282 /* Debug */ = {
			isa = XCBuildConfiguration;
			buildSettings = {
				ALWAYS_SEARCH_USER_PATHS = NO;
				ASSETCATALOG_COMPILER_GENERATE_SWIFT_ASSET_SYMBOL_EXTENSIONS = YES;
				CLANG_ANALYZER_NONNULL = YES;
				CLANG_ANALYZER_NUMBER_OBJECT_CONVERSION = YES_AGGRESSIVE;
				CLANG_CXX_LANGUAGE_STANDARD = "gnu++20";
				CLANG_ENABLE_MODULES = YES;
				CLANG_ENABLE_OBJC_ARC = YES;
				CLANG_ENABLE_OBJC_WEAK = YES;
				CLANG_WARN_BLOCK_CAPTURE_AUTORELEASING = YES;
				CLANG_WARN_BOOL_CONVERSION = YES;
				CLANG_WARN_COMMA = YES;
				CLANG_WARN_CONSTANT_CONVERSION = YES;
				CLANG_WARN_DEPRECATED_OBJC_IMPLEMENTATIONS = YES;
				CLANG_WARN_DIRECT_OBJC_ISA_USAGE = YES_ERROR;
				CLANG_WARN_DOCUMENTATION_COMMENTS = YES;
				CLANG_WARN_EMPTY_BODY = YES;
				CLANG_WARN_ENUM_CONVERSION = YES;
				CLANG_WARN_INFINITE_RECURSION = YES;
				CLANG_WARN_INT_CONVERSION = YES;
				CLANG_WARN_NON_LITERAL_NULL_CONVERSION = YES;
				CLANG_WARN_OBJC_IMPLICIT_RETAIN_SELF = YES;
				CLANG_WARN_OBJC_LITERAL_CONVERSION = YES;
				CLANG_WARN_OBJC_ROOT_CLASS = YES_ERROR;
				CLANG_WARN_QUOTED_INCLUDE_IN_FRAMEWORK_HEADER = YES;
				CLANG_WARN_RANGE_LOOP_ANALYSIS = YES;
				CLANG_WARN_STRICT_PROTOTYPES = YES;
				CLANG_WARN_SUSPICIOUS_MOVE = YES;
				CLANG_WARN_UNGUARDED_AVAILABILITY = YES_AGGRESSIVE;
				CLANG_WARN_UNREACHABLE_CODE = YES;
				CLANG_WARN__DUPLICATE_METHOD_MATCH = YES;
				COPY_PHASE_STRIP = NO;
				DEBUG_INFORMATION_FORMAT = dwarf;
				ENABLE_STRICT_OBJC_MSGSEND = YES;
				ENABLE_TESTABILITY = YES;
				ENABLE_USER_SCRIPT_SANDBOXING = YES;
				GCC_C_LANGUAGE_STANDARD = gnu17;
				GCC_DYNAMIC_NO_PIC = NO;
				GCC_NO_COMMON_BLOCKS = YES;
				GCC_OPTIMIZATION_LEVEL = 0;
				GCC_PREPROCESSOR_DEFINITIONS = (
					"DEBUG=1",
					"$(inherited)",
				);
				GCC_WARN_64_TO_32_BIT_CONVERSION = YES;
				GCC_WARN_ABOUT_RETURN_TYPE = YES_ERROR;
				GCC_WARN_UNDECLARED_SELECTOR = YES;
				GCC_WARN_UNINITIALIZED_AUTOS = YES_AGGRESSIVE;
				GCC_WARN_UNUSED_FUNCTION = YES;
				GCC_WARN_UNUSED_VARIABLE = YES;
				IPHONEOS_DEPLOYMENT_TARGET = 18.0;
				LOCALIZATION_PREFERS_STRING_CATALOGS = YES;
				MTL_ENABLE_DEBUG_INFO = INCLUDE_SOURCE;
				MTL_FAST_MATH = YES;
				ONLY_ACTIVE_ARCH = YES;
				SDKROOT = iphoneos;
				SWIFT_ACTIVE_COMPILATION_CONDITIONS = "DEBUG $(inherited)";
				SWIFT_OPTIMIZATION_LEVEL = "-Onone";
			};
			name = Debug;
		};
		0ED175552CCC528600A54282 /* Release */ = {
			isa = XCBuildConfiguration;
			buildSettings = {
				ALWAYS_SEARCH_USER_PATHS = NO;
				ASSETCATALOG_COMPILER_GENERATE_SWIFT_ASSET_SYMBOL_EXTENSIONS = YES;
				CLANG_ANALYZER_NONNULL = YES;
				CLANG_ANALYZER_NUMBER_OBJECT_CONVERSION = YES_AGGRESSIVE;
				CLANG_CXX_LANGUAGE_STANDARD = "gnu++20";
				CLANG_ENABLE_MODULES = YES;
				CLANG_ENABLE_OBJC_ARC = YES;
				CLANG_ENABLE_OBJC_WEAK = YES;
				CLANG_WARN_BLOCK_CAPTURE_AUTORELEASING = YES;
				CLANG_WARN_BOOL_CONVERSION = YES;
				CLANG_WARN_COMMA = YES;
				CLANG_WARN_CONSTANT_CONVERSION = YES;
				CLANG_WARN_DEPRECATED_OBJC_IMPLEMENTATIONS = YES;
				CLANG_WARN_DIRECT_OBJC_ISA_USAGE = YES_ERROR;
				CLANG_WARN_DOCUMENTATION_COMMENTS = YES;
				CLANG_WARN_EMPTY_BODY = YES;
				CLANG_WARN_ENUM_CONVERSION = YES;
				CLANG_WARN_INFINITE_RECURSION = YES;
				CLANG_WARN_INT_CONVERSION = YES;
				CLANG_WARN_NON_LITERAL_NULL_CONVERSION = YES;
				CLANG_WARN_OBJC_IMPLICIT_RETAIN_SELF = YES;
				CLANG_WARN_OBJC_LITERAL_CONVERSION = YES;
				CLANG_WARN_OBJC_ROOT_CLASS = YES_ERROR;
				CLANG_WARN_QUOTED_INCLUDE_IN_FRAMEWORK_HEADER = YES;
				CLANG_WARN_RANGE_LOOP_ANALYSIS = YES;
				CLANG_WARN_STRICT_PROTOTYPES = YES;
				CLANG_WARN_SUSPICIOUS_MOVE = YES;
				CLANG_WARN_UNGUARDED_AVAILABILITY = YES_AGGRESSIVE;
				CLANG_WARN_UNREACHABLE_CODE = YES;
				CLANG_WARN__DUPLICATE_METHOD_MATCH = YES;
				COPY_PHASE_STRIP = NO;
				DEBUG_INFORMATION_FORMAT = "dwarf-with-dsym";
				ENABLE_NS_ASSERTIONS = NO;
				ENABLE_STRICT_OBJC_MSGSEND = YES;
				ENABLE_USER_SCRIPT_SANDBOXING = YES;
				GCC_C_LANGUAGE_STANDARD = gnu17;
				GCC_NO_COMMON_BLOCKS = YES;
				GCC_WARN_64_TO_32_BIT_CONVERSION = YES;
				GCC_WARN_ABOUT_RETURN_TYPE = YES_ERROR;
				GCC_WARN_UNDECLARED_SELECTOR = YES;
				GCC_WARN_UNINITIALIZED_AUTOS = YES_AGGRESSIVE;
				GCC_WARN_UNUSED_FUNCTION = YES;
				GCC_WARN_UNUSED_VARIABLE = YES;
				IPHONEOS_DEPLOYMENT_TARGET = 18.0;
				LOCALIZATION_PREFERS_STRING_CATALOGS = YES;
				MTL_ENABLE_DEBUG_INFO = NO;
				MTL_FAST_MATH = YES;
				SDKROOT = iphoneos;
				SWIFT_COMPILATION_MODE = wholemodule;
				VALIDATE_PRODUCT = YES;
			};
			name = Release;
		};
		0ED175572CCC528600A54282 /* Debug */ = {
			isa = XCBuildConfiguration;
			buildSettings = {
				BUNDLE_LOADER = "$(TEST_HOST)";
				CODE_SIGN_STYLE = Automatic;
				CURRENT_PROJECT_VERSION = 1;
				DEVELOPMENT_TEAM = ZCKDQ2HHPD;
				GENERATE_INFOPLIST_FILE = YES;
				IPHONEOS_DEPLOYMENT_TARGET = 18.0;
				MARKETING_VERSION = 1.0;
				PRODUCT_BUNDLE_IDENTIFIER = "-234567.---------Tests";
				PRODUCT_NAME = "$(TARGET_NAME)";
				SWIFT_EMIT_LOC_STRINGS = NO;
				SWIFT_VERSION = 5.0;
				TARGETED_DEVICE_FAMILY = "1,2";
				TEST_HOST = "$(BUILT_PRODUCTS_DIR)/5 задание.app/$(BUNDLE_EXECUTABLE_FOLDER_PATH)/5 задание";
			};
			name = Debug;
		};
		0ED175582CCC528600A54282 /* Release */ = {
			isa = XCBuildConfiguration;
			buildSettings = {
				BUNDLE_LOADER = "$(TEST_HOST)";
				CODE_SIGN_STYLE = Automatic;
				CURRENT_PROJECT_VERSION = 1;
				DEVELOPMENT_TEAM = ZCKDQ2HHPD;
				GENERATE_INFOPLIST_FILE = YES;
				IPHONEOS_DEPLOYMENT_TARGET = 18.0;
				MARKETING_VERSION = 1.0;
				PRODUCT_BUNDLE_IDENTIFIER = "-234567.---------Tests";
				PRODUCT_NAME = "$(TARGET_NAME)";
				SWIFT_EMIT_LOC_STRINGS = NO;
				SWIFT_VERSION = 5.0;
				TARGETED_DEVICE_FAMILY = "1,2";
				TEST_HOST = "$(BUILT_PRODUCTS_DIR)/5 задание.app/$(BUNDLE_EXECUTABLE_FOLDER_PATH)/5 задание";
			};
			name = Release;
		};
		0ED1755A2CCC528600A54282 /* Debug */ = {
			isa = XCBuildConfiguration;
			buildSettings = {
				CODE_SIGN_STYLE = Automatic;
				CURRENT_PROJECT_VERSION = 1;
				DEVELOPMENT_TEAM = ZCKDQ2HHPD;
				GENERATE_INFOPLIST_FILE = YES;
				MARKETING_VERSION = 1.0;
				PRODUCT_BUNDLE_IDENTIFIER = "-234567.---------UITests";
				PRODUCT_NAME = "$(TARGET_NAME)";
				SWIFT_EMIT_LOC_STRINGS = NO;
				SWIFT_VERSION = 5.0;
				TARGETED_DEVICE_FAMILY = "1,2";
				TEST_TARGET_NAME = "5 задание";
			};
			name = Debug;
		};
		0ED1755B2CCC528600A54282 /* Release */ = {
			isa = XCBuildConfiguration;
			buildSettings = {
				CODE_SIGN_STYLE = Automatic;
				CURRENT_PROJECT_VERSION = 1;
				DEVELOPMENT_TEAM = ZCKDQ2HHPD;
				GENERATE_INFOPLIST_FILE = YES;
				MARKETING_VERSION = 1.0;
				PRODUCT_BUNDLE_IDENTIFIER = "-234567.---------UITests";
				PRODUCT_NAME = "$(TARGET_NAME)";
				SWIFT_EMIT_LOC_STRINGS = NO;
				SWIFT_VERSION = 5.0;
				TARGETED_DEVICE_FAMILY = "1,2";
				TEST_TARGET_NAME = "5 задание";
			};
			name = Release;
		};
/* End XCBuildConfiguration section */

/* Begin XCConfigurationList section */
		0ED175232CCC528400A54282 /* Build configuration list for PBXProject "5 задание" */ = {
			isa = XCConfigurationList;
			buildConfigurations = (
				0ED175542CCC528600A54282 /* Debug */,
				0ED175552CCC528600A54282 /* Release */,
			);
			defaultConfigurationIsVisible = 0;
			defaultConfigurationName = Release;
		};
		0ED175512CCC528600A54282 /* Build configuration list for PBXNativeTarget "5 задание" */ = {
			isa = XCConfigurationList;
			buildConfigurations = (
				0ED175522CCC528600A54282 /* Debug */,
				0ED175532CCC528600A54282 /* Release */,
			);
			defaultConfigurationIsVisible = 0;
			defaultConfigurationName = Release;
		};
		0ED175562CCC528600A54282 /* Build configuration list for PBXNativeTarget "5 заданиеTests" */ = {
			isa = XCConfigurationList;
			buildConfigurations = (
				0ED175572CCC528600A54282 /* Debug */,
				0ED175582CCC528600A54282 /* Release */,
			);
			defaultConfigurationIsVisible = 0;
			defaultConfigurationName = Release;
		};
		0ED175592CCC528600A54282 /* Build configuration list for PBXNativeTarget "5 заданиеUITests" */ = {
			isa = XCConfigurationList;
			buildConfigurations = (
				0ED1755A2CCC528600A54282 /* Debug */,
				0ED1755B2CCC528600A54282 /* Release */,
			);
			defaultConfigurationIsVisible = 0;
			defaultConfigurationName = Release;
		};
/* End XCConfigurationList section */
	};
	rootObject = 0ED175202CCC528400A54282 /* Project object */;
}
